
Microsoft Visual Studio Solution File, Format Version 12.00
# Visual Studio Version 16
VisualStudioVersion = 16.0.28729.10
MinimumVisualStudioVersion = 10.0.40219.1
Project("{FAE04EC0-301F-11D3-BF4B-00C04F79EFBC}") = "minSweeper", "minSweeper\minSweeper.csproj", "{61AA170F-EB44-4DEA-94BF-0AC5FF02D1E2}"
EndProject
Global
	GlobalSection(SolutionConfigurationPlatforms) = preSolution
		Debug|Any CPU = Debug|Any CPU
		Release|Any CPU = Release|Any CPU
	EndGlobalSection
	GlobalSection(ProjectConfigurationPlatforms) = postSolution
		{61AA170F-EB44-4DEA-94BF-0AC5FF02D1E2}.Debug|Any CPU.ActiveCfg = Debug|Any CPU
		{61AA170F-EB44-4DEA-94BF-0AC5FF02D1E2}.Debug|Any CPU.Build.0 = Debug|Any CPU
		{61AA170F-EB44-4DEA-94BF-0AC5FF02D1E2}.Release|Any CPU.ActiveCfg = Release|Any CPU
		{61AA170F-EB44-4DEA-94BF-0AC5FF02D1E2}.Release|Any CPU.Build.0 = Release|Any CPU
	EndGlobalSection
	GlobalSection(SolutionProperties) = preSolution
		HideSolutionNode = FALSE
	EndGlobalSection
	GlobalSection(ExtensibilityGlobals) = postSolution
		SolutionGuid = {09239185-069D-4F7C-AECB-6CF4341CA84D}
	EndGlobalSection
EndGlobal
